
Microsoft Visual Studio Solution File, Format Version 12.00
# Visual Studio Version 16
VisualStudioVersion = 16.0.29102.190
MinimumVisualStudioVersion = 10.0.40219.1
Project("{FAE04EC0-301F-11D3-BF4B-00C04F79EFBC}") = "accidentally-arm", "accidentally-arm.csproj", "{F8CB04E4-712A-4BB0-BD60-8DBF1C0A72D3}"
EndProject
Global
	GlobalSection(SolutionConfigurationPlatforms) = preSolution
		Debug|Any CPU = Debug|Any CPU
		Release|Any CPU = Release|Any CPU
	EndGlobalSection
	GlobalSection(ProjectConfigurationPlatforms) = postSolution
		{F8CB04E4-712A-4BB0-BD60-8DBF1C0A72D3}.Debug|Any CPU.ActiveCfg = Debug|Any CPU
		{F8CB04E4-712A-4BB0-BD60-8DBF1C0A72D3}.Debug|Any CPU.Build.0 = Debug|Any CPU
		{F8CB04E4-712A-4BB0-BD60-8DBF1C0A72D3}.Release|Any CPU.ActiveCfg = Release|Any CPU
		{F8CB04E4-712A-4BB0-BD60-8DBF1C0A72D3}.Release|Any CPU.Build.0 = Release|Any CPU
	EndGlobalSection
	GlobalSection(SolutionProperties) = preSolution
		HideSolutionNode = FALSE
	EndGlobalSection
	GlobalSection(ExtensibilityGlobals) = postSolution
		SolutionGuid = {1CA9BD73-6953-4890-8DE7-295E1D8DF7EC}
	EndGlobalSection
EndGlobal
